
Microsoft Visual Studio Solution File, Format Version 12.00
# Visual Studio Version 16
VisualStudioVersion = 25.0.1705.3
MinimumVisualStudioVersion = 10.0.40219.1
Project("{FAE04EC0-301F-11D3-BF4B-00C04F79EFBC}") = "GettingStarted", "GettingStarted\GettingStarted.csproj", "{01493A13-1A85-4C14-9545-098B8EB1E6AC}"
EndProject
Project("{FAE04EC0-301F-11D3-BF4B-00C04F79EFBC}") = "VariableAndDatatype", "VariableAndDatatype\VariableAndDatatype.csproj", "{415D6568-418E-439C-9DFB-F6620F445812}"
EndProject
Project("{FAE04EC0-301F-11D3-BF4B-00C04F79EFBC}") = "NamespaceAndComments", "NamespaceAndComments\NamespaceAndComments.csproj", "{31A3EA1A-3705-4706-8D83-F884429DA964}"
EndProject
Project("{FAE04EC0-301F-11D3-BF4B-00C04F79EFBC}") = "InputsAndExpressionsAndOperators", "InputsAndExpressionsAndOperators\InputsAndExpressionsAndOperators.csproj", "{6FFE6A4F-1746-4017-BD46-8ED03EE39113}"
EndProject
Project("{FAE04EC0-301F-11D3-BF4B-00C04F79EFBC}") = "FlowControls", "FlowControls\FlowControls.csproj", "{AE92630E-2779-4A04-9639-9E6F0D9478C7}"
EndProject
Project("{FAE04EC0-301F-11D3-BF4B-00C04F79EFBC}") = "AngularProject", "AngularProject\AngularProject.csproj", "{7A7F6D46-5D59-48F2-BC67-517912FE8138}"
EndProject
Project("{FAE04EC0-301F-11D3-BF4B-00C04F79EFBC}") = "ListEnumerableCollectionAndList", "ListEnumerableCollectionAndList\ListEnumerableCollectionAndList.csproj", "{7CE0FB98-40D6-4347-9C7C-EA7EFA7A5FA5}"
EndProject
Project("{FAE04EC0-301F-11D3-BF4B-00C04F79EFBC}") = "LinQAndLambda", "LinQAndLambda\LinQAndLambda.csproj", "{AD09A359-51F2-46E3-8C89-A99350C7BFAF}"
EndProject
Global
	GlobalSection(SolutionConfigurationPlatforms) = preSolution
		Debug|Any CPU = Debug|Any CPU
		Release|Any CPU = Release|Any CPU
	EndGlobalSection
	GlobalSection(ProjectConfigurationPlatforms) = postSolution
		{01493A13-1A85-4C14-9545-098B8EB1E6AC}.Debug|Any CPU.ActiveCfg = Debug|Any CPU
		{01493A13-1A85-4C14-9545-098B8EB1E6AC}.Debug|Any CPU.Build.0 = Debug|Any CPU
		{01493A13-1A85-4C14-9545-098B8EB1E6AC}.Release|Any CPU.ActiveCfg = Release|Any CPU
		{01493A13-1A85-4C14-9545-098B8EB1E6AC}.Release|Any CPU.Build.0 = Release|Any CPU
		{415D6568-418E-439C-9DFB-F6620F445812}.Debug|Any CPU.ActiveCfg = Debug|Any CPU
		{415D6568-418E-439C-9DFB-F6620F445812}.Debug|Any CPU.Build.0 = Debug|Any CPU
		{415D6568-418E-439C-9DFB-F6620F445812}.Release|Any CPU.ActiveCfg = Release|Any CPU
		{415D6568-418E-439C-9DFB-F6620F445812}.Release|Any CPU.Build.0 = Release|Any CPU
		{31A3EA1A-3705-4706-8D83-F884429DA964}.Debug|Any CPU.ActiveCfg = Debug|Any CPU
		{31A3EA1A-3705-4706-8D83-F884429DA964}.Debug|Any CPU.Build.0 = Debug|Any CPU
		{31A3EA1A-3705-4706-8D83-F884429DA964}.Release|Any CPU.ActiveCfg = Release|Any CPU
		{31A3EA1A-3705-4706-8D83-F884429DA964}.Release|Any CPU.Build.0 = Release|Any CPU
		{6FFE6A4F-1746-4017-BD46-8ED03EE39113}.Debug|Any CPU.ActiveCfg = Debug|Any CPU
		{6FFE6A4F-1746-4017-BD46-8ED03EE39113}.Debug|Any CPU.Build.0 = Debug|Any CPU
		{6FFE6A4F-1746-4017-BD46-8ED03EE39113}.Release|Any CPU.ActiveCfg = Release|Any CPU
		{6FFE6A4F-1746-4017-BD46-8ED03EE39113}.Release|Any CPU.Build.0 = Release|Any CPU
		{AE92630E-2779-4A04-9639-9E6F0D9478C7}.Debug|Any CPU.ActiveCfg = Debug|Any CPU
		{AE92630E-2779-4A04-9639-9E6F0D9478C7}.Debug|Any CPU.Build.0 = Debug|Any CPU
		{AE92630E-2779-4A04-9639-9E6F0D9478C7}.Release|Any CPU.ActiveCfg = Release|Any CPU
		{AE92630E-2779-4A04-9639-9E6F0D9478C7}.Release|Any CPU.Build.0 = Release|Any CPU
		{7A7F6D46-5D59-48F2-BC67-517912FE8138}.Debug|Any CPU.ActiveCfg = Debug|Any CPU
		{7A7F6D46-5D59-48F2-BC67-517912FE8138}.Debug|Any CPU.Build.0 = Debug|Any CPU
		{7A7F6D46-5D59-48F2-BC67-517912FE8138}.Release|Any CPU.ActiveCfg = Release|Any CPU
		{7A7F6D46-5D59-48F2-BC67-517912FE8138}.Release|Any CPU.Build.0 = Release|Any CPU
		{7CE0FB98-40D6-4347-9C7C-EA7EFA7A5FA5}.Debug|Any CPU.ActiveCfg = Debug|Any CPU
		{7CE0FB98-40D6-4347-9C7C-EA7EFA7A5FA5}.Debug|Any CPU.Build.0 = Debug|Any CPU
		{7CE0FB98-40D6-4347-9C7C-EA7EFA7A5FA5}.Release|Any CPU.ActiveCfg = Release|Any CPU
		{7CE0FB98-40D6-4347-9C7C-EA7EFA7A5FA5}.Release|Any CPU.Build.0 = Release|Any CPU
		{AD09A359-51F2-46E3-8C89-A99350C7BFAF}.Debug|Any CPU.ActiveCfg = Debug|Any CPU
		{AD09A359-51F2-46E3-8C89-A99350C7BFAF}.Debug|Any CPU.Build.0 = Debug|Any CPU
		{AD09A359-51F2-46E3-8C89-A99350C7BFAF}.Release|Any CPU.ActiveCfg = Release|Any CPU
		{AD09A359-51F2-46E3-8C89-A99350C7BFAF}.Release|Any CPU.Build.0 = Release|Any CPU
	EndGlobalSection
	GlobalSection(SolutionProperties) = preSolution
		HideSolutionNode = FALSE
	EndGlobalSection
	GlobalSection(ExtensibilityGlobals) = postSolution
		SolutionGuid = {C3F32716-BE35-43C6-9BF7-DF70672E554B}
	EndGlobalSection
EndGlobal
